{
  "name": "node-red-contrib-moment",
  "version": "5.0.0",
  "lockfileVersion": 3,
  "requires": true,
  "packages": {
    "": {
      "name": "node-red-contrib-moment",
      "version": "5.0.0",
      "license": "Apache-2.0",
      "dependencies": {
        "moment": "^2.29.0",
        "moment-parseformat": "^4.0.0",
        "moment-timezone": "^0.5.31",
        "os-locale-s": "^1.0.8"
      },
      "devDependencies": {
        "@types/node-red": "^1.1.0"
      },
      "engines": {
        "node": ">=14.14"
      }
    },
    "node_modules/@types/ace": {
      "version": "0.0.48",
      "resolved": "https://registry.npmjs.org/@types/ace/-/ace-0.0.48.tgz",
      "integrity": "sha512-esV6hOWiDOZ6d7w5S11iLu6LQsPGe/9RPzhri7gNNLdrK1LFpO9/m7IZhQL6dat0JHICJ7l51zvHAiCgnPLLHA==",
      "dev": true
    },
    "node_modules/@types/body-parser": {
      "version": "1.19.2",
      "resolved": "https://registry.npmjs.org/@types/body-parser/-/body-parser-1.19.2.tgz",
      "integrity": "sha512-ALYone6pm6QmwZoAgeyNksccT9Q4AWZQ6PvfwR37GT6r6FWUPguq6sUmNGSMV2Wr761oQoBxwGGa6DR5o1DC9g==",
      "dev": true,
      "dependencies": {
        "@types/connect": "*",
        "@types/node": "*"
      }
    },
    "node_modules/@types/connect": {
      "version": "3.4.35",
      "resolved": "https://registry.npmjs.org/@types/connect/-/connect-3.4.35.tgz",
      "integrity": "sha512-cdeYyv4KWoEgpBISTxWvqYsVy444DOqehiF3fM3ne10AmJ62RSyNkUnxMJXHQWRQQX2eR94m5y1IZyDwBjV9FQ==",
      "dev": true,
      "dependencies": {
        "@types/node": "*"
      }
    },
    "node_modules/@types/cors": {
      "version": "2.8.13",
      "resolved": "https://registry.npmjs.org/@types/cors/-/cors-2.8.13.tgz",
      "integrity": "sha512-RG8AStHlUiV5ysZQKq97copd2UmVYw3/pRMLefISZ3S1hK104Cwm7iLQ3fTKx+lsUH2CE8FlLaYeEA2LSeqYUA==",
      "dev": true,
      "dependencies": {
        "@types/node": "*"
      }
    },
    "node_modules/@types/express": {
      "version": "4.17.17",
      "resolved": "https://registry.npmjs.org/@types/express/-/express-4.17.17.tgz",
      "integrity": "sha512-Q4FmmuLGBG58btUnfS1c1r/NQdlp3DMfGDGig8WhfpA2YRUtEkxAjkZb0yvplJGYdF1fsQ81iMDcH24sSCNC/Q==",
      "dev": true,
      "dependencies": {
        "@types/body-parser": "*",
        "@types/express-serve-static-core": "^4.17.33",
        "@types/qs": "*",
        "@types/serve-static": "*"
      }
    },
    "node_modules/@types/express-serve-static-core": {
      "version": "4.17.35",
      "resolved": "https://registry.npmjs.org/@types/express-serve-static-core/-/express-serve-static-core-4.17.35.tgz",
      "integrity": "sha512-wALWQwrgiB2AWTT91CB62b6Yt0sNHpznUXeZEcnPU3DRdlDIz74x8Qg1UUYKSVFi+va5vKOLYRBI1bRKiLLKIg==",
      "dev": true,
      "dependencies": {
        "@types/node": "*",
        "@types/qs": "*",
        "@types/range-parser": "*",
        "@types/send": "*"
      }
    },
    "node_modules/@types/http-errors": {
      "version": "2.0.1",
      "resolved": "https://registry.npmjs.org/@types/http-errors/-/http-errors-2.0.1.tgz",
      "integrity": "sha512-/K3ds8TRAfBvi5vfjuz8y6+GiAYBZ0x4tXv1Av6CWBWn0IlADc+ZX9pMq7oU0fNQPnBwIZl3rmeLp6SBApbxSQ==",
      "dev": true
    },
    "node_modules/@types/jquery": {
      "version": "3.5.16",
      "resolved": "https://registry.npmjs.org/@types/jquery/-/jquery-3.5.16.tgz",
      "integrity": "sha512-bsI7y4ZgeMkmpG9OM710RRzDFp+w4P1RGiIt30C1mSBT+ExCleeh4HObwgArnDFELmRrOpXgSYN9VF1hj+f1lw==",
      "dev": true,
      "dependencies": {
        "@types/sizzle": "*"
      }
    },
    "node_modules/@types/mime": {
      "version": "1.3.2",
      "resolved": "https://registry.npmjs.org/@types/mime/-/mime-1.3.2.tgz",
      "integrity": "sha512-YATxVxgRqNH6nHEIsvg6k2Boc1JHI9ZbH5iWFFv/MTkchz3b1ieGDa5T0a9RznNdI0KhVbdbWSN+KWWrQZRxTw==",
      "dev": true
    },
    "node_modules/@types/node": {
      "version": "20.4.2",
      "resolved": "https://registry.npmjs.org/@types/node/-/node-20.4.2.tgz",
      "integrity": "sha512-Dd0BYtWgnWJKwO1jkmTrzofjK2QXXcai0dmtzvIBhcA+RsG5h8R3xlyta0kGOZRNfL9GuRtb1knmPEhQrePCEw==",
      "dev": true
    },
    "node_modules/@types/node-red": {
      "version": "1.3.1",
      "resolved": "https://registry.npmjs.org/@types/node-red/-/node-red-1.3.1.tgz",
      "integrity": "sha512-XTYFsXGeOQgFkqrECnfjrovL6J9AYflK0zKpltWZde9FbxUfOLb/N2huQi1ozu6W4Xmk56KogRyJThYEwbEIPA==",
      "dev": true,
      "dependencies": {
        "@types/express": "*",
        "@types/node-red__editor-api": "*",
        "@types/node-red__editor-client": "*",
        "@types/node-red__registry": "*",
        "@types/node-red__runtime": "*",
        "@types/node-red__util": "*"
      }
    },
    "node_modules/@types/node-red__editor-api": {
      "version": "1.3.1",
      "resolved": "https://registry.npmjs.org/@types/node-red__editor-api/-/node-red__editor-api-1.3.1.tgz",
      "integrity": "sha512-TN+2wFVchGv3i513A4DumpHU3dgjnGeZo/duVn8pesyKIeJAQcK4cDn7aFVrvSu0JrnpMQsqzkiqrxCduZbdig==",
      "dev": true,
      "dependencies": {
        "@types/express": "*",
        "@types/node-red__runtime": "*"
      }
    },
    "node_modules/@types/node-red__editor-client": {
      "version": "1.3.3",
      "resolved": "https://registry.npmjs.org/@types/node-red__editor-client/-/node-red__editor-client-1.3.3.tgz",
      "integrity": "sha512-tZtTADUEi6paNTatUuPTNEAtlr4C8JjQgMcJ/n3lxzLr7vcY+9Mnu/a6TpN41MN+i/kw3lge+m4Fj6OO/OYLhQ==",
      "dev": true,
      "dependencies": {
        "@types/ace": "*",
        "@types/jquery": "*",
        "@types/node-red__registry": "*",
        "@types/node-red__runtime": "*",
        "@types/node-red__util": "*"
      }
    },
    "node_modules/@types/node-red__registry": {
      "version": "1.3.4",
      "resolved": "https://registry.npmjs.org/@types/node-red__registry/-/node-red__registry-1.3.4.tgz",
      "integrity": "sha512-NOUS9QmRXGOgPx2w7bw5PJnSiYf0IrbU8eT64Q24JY/udFWgz2MvYF31Qjg9PyB+piPdtMiCZBj0TzX/mMB+yg==",
      "dev": true,
      "dependencies": {
        "@types/express": "*",
        "@types/node-red__runtime": "*",
        "@types/node-red__util": "*"
      }
    },
    "node_modules/@types/node-red__runtime": {
      "version": "1.3.1",
      "resolved": "https://registry.npmjs.org/@types/node-red__runtime/-/node-red__runtime-1.3.1.tgz",
      "integrity": "sha512-BTG2+X4sWzlOzDY2u090YYajtDo/eEPUg81cc17jrc7+Hko0uAKClZrXEWz9AC3BrJqtZstfDR5KXo2ldWC/lQ==",
      "dev": true,
      "dependencies": {
        "@types/cors": "*",
        "@types/express": "*",
        "@types/node-red__editor-api": "*",
        "@types/node-red__util": "*",
        "@types/passport": "*"
      }
    },
    "node_modules/@types/node-red__util": {
      "version": "1.3.1",
      "resolved": "https://registry.npmjs.org/@types/node-red__util/-/node-red__util-1.3.1.tgz",
      "integrity": "sha512-5nA2v8OTIY8Dgf0fKCt97YLhaeY4fcq0FBC1djnK5rfmAieZaWCUNJiMNrEYHpV5wblWY5433QvHy3S0KHsF3w==",
      "dev": true,
      "dependencies": {
        "@types/node-red__registry": "*",
        "@types/node-red__runtime": "*",
        "jsonata": "1.8.3"
      }
    },
    "node_modules/@types/passport": {
      "version": "1.0.12",
      "resolved": "https://registry.npmjs.org/@types/passport/-/passport-1.0.12.tgz",
      "integrity": "sha512-QFdJ2TiAEoXfEQSNDISJR1Tm51I78CymqcBa8imbjo6dNNu+l2huDxxbDEIoFIwOSKMkOfHEikyDuZ38WwWsmw==",
      "dev": true,
      "dependencies": {
        "@types/express": "*"
      }
    },
    "node_modules/@types/qs": {
      "version": "6.9.7",
      "resolved": "https://registry.npmjs.org/@types/qs/-/qs-6.9.7.tgz",
      "integrity": "sha512-FGa1F62FT09qcrueBA6qYTrJPVDzah9a+493+o2PCXsesWHIn27G98TsSMs3WPNbZIEj4+VJf6saSFpvD+3Zsw==",
      "dev": true
    },
    "node_modules/@types/range-parser": {
      "version": "1.2.4",
      "resolved": "https://registry.npmjs.org/@types/range-parser/-/range-parser-1.2.4.tgz",
      "integrity": "sha512-EEhsLsD6UsDM1yFhAvy0Cjr6VwmpMWqFBCb9w07wVugF7w9nfajxLuVmngTIpgS6svCnm6Vaw+MZhoDCKnOfsw==",
      "dev": true
    },
    "node_modules/@types/send": {
      "version": "0.17.1",
      "resolved": "https://registry.npmjs.org/@types/send/-/send-0.17.1.tgz",
      "integrity": "sha512-Cwo8LE/0rnvX7kIIa3QHCkcuF21c05Ayb0ZfxPiv0W8VRiZiNW/WuRupHKpqqGVGf7SUA44QSOUKaEd9lIrd/Q==",
      "dev": true,
      "dependencies": {
        "@types/mime": "^1",
        "@types/node": "*"
      }
    },
    "node_modules/@types/serve-static": {
      "version": "1.15.2",
      "resolved": "https://registry.npmjs.org/@types/serve-static/-/serve-static-1.15.2.tgz",
      "integrity": "sha512-J2LqtvFYCzaj8pVYKw8klQXrLLk7TBZmQ4ShlcdkELFKGwGMfevMLneMMRkMgZxotOD9wg497LpC7O8PcvAmfw==",
      "dev": true,
      "dependencies": {
        "@types/http-errors": "*",
        "@types/mime": "*",
        "@types/node": "*"
      }
    },
    "node_modules/@types/sizzle": {
      "version": "2.3.3",
      "resolved": "https://registry.npmjs.org/@types/sizzle/-/sizzle-2.3.3.tgz",
      "integrity": "sha512-JYM8x9EGF163bEyhdJBpR2QX1R5naCJHC8ucJylJ3w9/CVBaskdQ8WqBf8MmQrd1kRvp/a4TS8HJ+bxzR7ZJYQ==",
      "dev": true
    },
    "node_modules/invert-kv": {
      "version": "3.0.1",
      "resolved": "https://registry.npmjs.org/invert-kv/-/invert-kv-3.0.1.tgz",
      "integrity": "sha512-CYdFeFexxhv/Bcny+Q0BfOV+ltRlJcd4BBZBYFX/O0u4npJrgZtIcjokegtiSMAvlMTJ+Koq0GBCc//3bueQxw==",
      "engines": {
        "node": ">=8"
      },
      "funding": {
        "url": "https://github.com/sindresorhus/invert-kv?sponsor=1"
      }
    },
    "node_modules/jsonata": {
      "version": "1.8.3",
      "resolved": "https://registry.npmjs.org/jsonata/-/jsonata-1.8.3.tgz",
      "integrity": "sha512-r6ztI6ohbpRo77AxBm6vMs3aHZi2L2PaakW7TCPwSkeGcuAZ/SxXGLWH2Npwqq5+YBM/fg/g0EXg/pI9HvXQ8Q==",
      "dev": true,
      "engines": {
        "node": ">= 8"
      }
    },
    "node_modules/lcid": {
      "version": "3.1.1",
      "resolved": "https://registry.npmjs.org/lcid/-/lcid-3.1.1.tgz",
      "integrity": "sha512-M6T051+5QCGLBQb8id3hdvIW8+zeFV2FyBGFS9IEK5H9Wt4MueD4bW1eWikpHgZp+5xR3l5c8pZUkQsIA0BFZg==",
      "dependencies": {
        "invert-kv": "^3.0.0"
      },
      "engines": {
        "node": ">=8"
      }
    },
    "node_modules/moment": {
      "version": "2.29.4",
      "resolved": "https://registry.npmjs.org/moment/-/moment-2.29.4.tgz",
      "integrity": "sha512-5LC9SOxjSc2HF6vO2CyuTDNivEdoz2IvyJJGj6X8DJ0eFyfszE0QiEd+iXmBvUP3WHxSjFH/vIsA0EN00cgr8w==",
      "engines": {
        "node": "*"
      }
    },
    "node_modules/moment-parseformat": {
      "version": "4.0.0",
      "resolved": "https://registry.npmjs.org/moment-parseformat/-/moment-parseformat-4.0.0.tgz",
      "integrity": "sha512-0V4ICKnI1npglqrMSDK2y8WxOdN79DkMoIexzY3P+jr2wNfbB4J81BgjFfHsj18wBsV7FdKCWyCHcezzH0xlyg=="
    },
    "node_modules/moment-timezone": {
      "version": "0.5.43",
      "resolved": "https://registry.npmjs.org/moment-timezone/-/moment-timezone-0.5.43.tgz",
      "integrity": "sha512-72j3aNyuIsDxdF1i7CEgV2FfxM1r6aaqJyLB2vwb33mXYyoyLly+F1zbWqhA3/bVIoJ4szlUoMbUnVdid32NUQ==",
      "dependencies": {
        "moment": "^2.29.4"
      },
      "engines": {
        "node": "*"
      }
    },
    "node_modules/os-locale-s": {
      "version": "1.0.8",
      "resolved": "https://registry.npmjs.org/os-locale-s/-/os-locale-s-1.0.8.tgz",
      "integrity": "sha512-VCVIYgA2Lv/DHedGtaGzUOG9ZV/5g5APvq5aN/dfnz1wxlvMp2ophiycKSDrlA8yEoF9eCx0bAEGDcAeZFMLUA==",
      "dependencies": {
        "lcid": "^3.0.0"
      },
      "engines": {
        "node": ">=10",
        "yarn": "^1.22.4"
      }
    }
  }
}
